
Microsoft Visual Studio Solution File, Format Version 12.00
# Visual Studio Version 16
VisualStudioVersion = 16.0.29009.5
MinimumVisualStudioVersion = 10.0.40219.1
Project("{FAE04EC0-301F-11D3-BF4B-00C04F79EFBC}") = "Accident", "Accident\Accident.csproj", "{B0A4BE07-576C-4EE5-A93D-7F508D74527E}"
EndProject
Project("{FAE04EC0-301F-11D3-BF4B-00C04F79EFBC}") = "Accident.Data", "Accident.Data\Accident.Data.csproj", "{A183A3A4-B338-435C-BA1D-0E020761433D}"
EndProject
Global
	GlobalSection(SolutionConfigurationPlatforms) = preSolution
		Debug|Any CPU = Debug|Any CPU
		Release|Any CPU = Release|Any CPU
	EndGlobalSection
	GlobalSection(ProjectConfigurationPlatforms) = postSolution
		{B0A4BE07-576C-4EE5-A93D-7F508D74527E}.Debug|Any CPU.ActiveCfg = Debug|Any CPU
		{B0A4BE07-576C-4EE5-A93D-7F508D74527E}.Debug|Any CPU.Build.0 = Debug|Any CPU
		{B0A4BE07-576C-4EE5-A93D-7F508D74527E}.Release|Any CPU.ActiveCfg = Release|Any CPU
		{B0A4BE07-576C-4EE5-A93D-7F508D74527E}.Release|Any CPU.Build.0 = Release|Any CPU
		{A183A3A4-B338-435C-BA1D-0E020761433D}.Debug|Any CPU.ActiveCfg = Debug|Any CPU
		{A183A3A4-B338-435C-BA1D-0E020761433D}.Debug|Any CPU.Build.0 = Debug|Any CPU
		{A183A3A4-B338-435C-BA1D-0E020761433D}.Release|Any CPU.ActiveCfg = Release|Any CPU
		{A183A3A4-B338-435C-BA1D-0E020761433D}.Release|Any CPU.Build.0 = Release|Any CPU
	EndGlobalSection
	GlobalSection(SolutionProperties) = preSolution
		HideSolutionNode = FALSE
	EndGlobalSection
	GlobalSection(ExtensibilityGlobals) = postSolution
		SolutionGuid = {FC7876F0-E48D-41DA-8312-645FFEE14265}
	EndGlobalSection
EndGlobal
